// !$*UTF8*$!
{
	archiveVersion = 1;
	classes = {
	};
	objectVersion = 55;
	objects = {

/* Begin PBXBuildFile section */
		C129DF1E272391EE00F0FEFB /* UIView-Extension.swift in Sources */ = {isa = PBXBuildFile; fileRef = C129DF1D272391EE00F0FEFB /* UIView-Extension.swift */; };
		C129DF202723938F00F0FEFB /* UIColor-Extension.swift in Sources */ = {isa = PBXBuildFile; fileRef = C129DF1F2723938F00F0FEFB /* UIColor-Extension.swift */; };
		C19004882722C4C5005D0A15 /* AppDelegate.swift in Sources */ = {isa = PBXBuildFile; fileRef = C19004872722C4C5005D0A15 /* AppDelegate.swift */; };
		C190048A2722C4C5005D0A15 /* SceneDelegate.swift in Sources */ = {isa = PBXBuildFile; fileRef = C19004892722C4C5005D0A15 /* SceneDelegate.swift */; };
		C190048C2722C4C5005D0A15 /* ViewController.swift in Sources */ = {isa = PBXBuildFile; fileRef = C190048B2722C4C5005D0A15 /* ViewController.swift */; };
		C190048F2722C4C5005D0A15 /* Main.storyboard in Resources */ = {isa = PBXBuildFile; fileRef = C190048D2722C4C5005D0A15 /* Main.storyboard */; };
		C19004912722C4C9005D0A15 /* Assets.xcassets in Resources */ = {isa = PBXBuildFile; fileRef = C19004902722C4C9005D0A15 /* Assets.xcassets */; };
		C19004942722C4C9005D0A15 /* LaunchScreen.storyboard in Resources */ = {isa = PBXBuildFile; fileRef = C19004922722C4C9005D0A15 /* LaunchScreen.storyboard */; };
		C190049F2722C515005D0A15 /* MoveView.xib in Resources */ = {isa = PBXBuildFile; fileRef = C190049E2722C515005D0A15 /* MoveView.xib */; };
		C19004A12722C521005D0A15 /* MoveView.swift in Sources */ = {isa = PBXBuildFile; fileRef = C19004A02722C521005D0A15 /* MoveView.swift */; };
/* End PBXBuildFile section */

/* Begin PBXFileReference section */
		C129DF1D272391EE00F0FEFB /* UIView-Extension.swift */ = {isa = PBXFileReference; lastKnownFileType = sourcecode.swift; path = "UIView-Extension.swift"; sourceTree = "<group>"; };
		C129DF1F2723938F00F0FEFB /* UIColor-Extension.swift */ = {isa = PBXFileReference; lastKnownFileType = sourcecode.swift; path = "UIColor-Extension.swift"; sourceTree = "<group>"; };
		C19004842722C4C5005D0A15 /* TinderLikeApp3.app */ = {isa = PBXFileReference; explicitFileType = wrapper.application; includeInIndex = 0; path = TinderLikeApp3.app; sourceTree = BUILT_PRODUCTS_DIR; };
		C19004872722C4C5005D0A15 /* AppDelegate.swift */ = {isa = PBXFileReference; lastKnownFileType = sourcecode.swift; path = AppDelegate.swift; sourceTree = "<group>"; };
		C19004892722C4C5005D0A15 /* SceneDelegate.swift */ = {isa = PBXFileReference; lastKnownFileType = sourcecode.swift; path = SceneDelegate.swift; sourceTree = "<group>"; };
		C190048B2722C4C5005D0A15 /* ViewController.swift */ = {isa = PBXFileReference; lastKnownFileType = sourcecode.swift; path = ViewController.swift; sourceTree = "<group>"; };
		C190048E2722C4C5005D0A15 /* Base */ = {isa = PBXFileReference; lastKnownFileType = file.storyboard; name = Base; path = Base.lproj/Main.storyboard; sourceTree = "<group>"; };
		C19004902722C4C9005D0A15 /* Assets.xcassets */ = {isa = PBXFileReference; lastKnownFileType = folder.assetcatalog; path = Assets.xcassets; sourceTree = "<group>"; };
		C19004932722C4C9005D0A15 /* Base */ = {isa = PBXFileReference; lastKnownFileType = file.storyboard; name = Base; path = Base.lproj/LaunchScreen.storyboard; sourceTree = "<group>"; };
		C19004952722C4C9005D0A15 /* Info.plist */ = {isa = PBXFileReference; lastKnownFileType = text.plist.xml; path = Info.plist; sourceTree = "<group>"; };
		C190049E2722C515005D0A15 /* MoveView.xib */ = {isa = PBXFileReference; lastKnownFileType = file.xib; path = MoveView.xib; sourceTree = "<group>"; };
		C19004A02722C521005D0A15 /* MoveView.swift */ = {isa = PBXFileReference; lastKnownFileType = sourcecode.swift; path = MoveView.swift; sourceTree = "<group>"; };
/* End PBXFileReference section */

/* Begin PBXFrameworksBuildPhase section */
		C19004812722C4C5005D0A15 /* Frameworks */ = {
			isa = PBXFrameworksBuildPhase;
			buildActionMask = 2147483647;
			files = (
			);
			runOnlyForDeploymentPostprocessing = 0;
		};
/* End PBXFrameworksBuildPhase section */

/* Begin PBXGroup section */
		C129DF1C272391D500F0FEFB /* Extensions */ = {
			isa = PBXGroup;
			children = (
				C129DF1D272391EE00F0FEFB /* UIView-Extension.swift */,
				C129DF1F2723938F00F0FEFB /* UIColor-Extension.swift */,
			);
			path = Extensions;
			sourceTree = "<group>";
		};
		C190047B2722C4C5005D0A15 = {
			isa = PBXGroup;
			children = (
				C19004862722C4C5005D0A15 /* TinderLikeApp3 */,
				C19004852722C4C5005D0A15 /* Products */,
			);
			sourceTree = "<group>";
		};
		C19004852722C4C5005D0A15 /* Products */ = {
			isa = PBXGroup;
			children = (
				C19004842722C4C5005D0A15 /* TinderLikeApp3.app */,
			);
			name = Products;
			sourceTree = "<group>";
		};
		C19004862722C4C5005D0A15 /* TinderLikeApp3 */ = {
			isa = PBXGroup;
			children = (
				C19004872722C4C5005D0A15 /* AppDelegate.swift */,
				C19004892722C4C5005D0A15 /* SceneDelegate.swift */,
				C129DF1C272391D500F0FEFB /* Extensions */,
				C190049D2722C4F2005D0A15 /* Controller */,
				C190049C2722C4E7005D0A15 /* View */,
				C190049B2722C4E1005D0A15 /* Model */,
				C19004902722C4C9005D0A15 /* Assets.xcassets */,
				C19004922722C4C9005D0A15 /* LaunchScreen.storyboard */,
				C19004952722C4C9005D0A15 /* Info.plist */,
			);
			path = TinderLikeApp3;
			sourceTree = "<group>";
		};
		C190049B2722C4E1005D0A15 /* Model */ = {
			isa = PBXGroup;
			children = (
			);
			path = Model;
			sourceTree = "<group>";
		};
		C190049C2722C4E7005D0A15 /* View */ = {
			isa = PBXGroup;
			children = (
				C190048B2722C4C5005D0A15 /* ViewController.swift */,
				C19004A02722C521005D0A15 /* MoveView.swift */,
			);
			path = View;
			sourceTree = "<group>";
		};
		C190049D2722C4F2005D0A15 /* Controller */ = {
			isa = PBXGroup;
			children = (
				C190048D2722C4C5005D0A15 /* Main.storyboard */,
				C190049E2722C515005D0A15 /* MoveView.xib */,
			);
			path = Controller;
			sourceTree = "<group>";
		};
/* End PBXGroup section */

/* Begin PBXNativeTarget section */
		C19004832722C4C5005D0A15 /* TinderLikeApp3 */ = {
			isa = PBXNativeTarget;
			buildConfigurationList = C19004982722C4C9005D0A15 /* Build configuration list for PBXNativeTarget "TinderLikeApp3" */;
			buildPhases = (
				C19004802722C4C5005D0A15 /* Sources */,
				C19004812722C4C5005D0A15 /* Frameworks */,
				C19004822722C4C5005D0A15 /* Resources */,
			);
			buildRules = (
			);
			dependencies = (
			);
			name = TinderLikeApp3;
			productName = TinderLikeApp3;
			productReference = C19004842722C4C5005D0A15 /* TinderLikeApp3.app */;
			productType = "com.apple.product-type.application";
		};
/* End PBXNativeTarget section */

/* Begin PBXProject section */
		C190047C2722C4C5005D0A15 /* Project object */ = {
			isa = PBXProject;
			attributes = {
				BuildIndependentTargetsInParallel = 1;
				LastSwiftUpdateCheck = 1300;
				LastUpgradeCheck = 1300;
				TargetAttributes = {
					C19004832722C4C5005D0A15 = {
						CreatedOnToolsVersion = 13.0;
					};
				};
			};
			buildConfigurationList = C190047F2722C4C5005D0A15 /* Build configuration list for PBXProject "TinderLikeApp3" */;
			compatibilityVersion = "Xcode 13.0";
			developmentRegion = en;
			hasScannedForEncodings = 0;
			knownRegions = (
				en,
				Base,
			);
			mainGroup = C190047B2722C4C5005D0A15;
			productRefGroup = C19004852722C4C5005D0A15 /* Products */;
			projectDirPath = "";
			projectRoot = "";
			targets = (
				C19004832722C4C5005D0A15 /* TinderLikeApp3 */,
			);
		};
/* End PBXProject section */

/* Begin PBXResourcesBuildPhase section */
		C19004822722C4C5005D0A15 /* Resources */ = {
			isa = PBXResourcesBuildPhase;
			buildActionMask = 2147483647;
			files = (
				C19004942722C4C9005D0A15 /* LaunchScreen.storyboard in Resources */,
				C19004912722C4C9005D0A15 /* Assets.xcassets in Resources */,
				C190048F2722C4C5005D0A15 /* Main.storyboard in Resources */,
				C190049F2722C515005D0A15 /* MoveView.xib in Resources */,
			);
			runOnlyForDeploymentPostprocessing = 0;
		};
/* End PBXResourcesBuildPhase section */

/* Begin PBXSourcesBuildPhase section */
		C19004802722C4C5005D0A15 /* Sources */ = {
			isa = PBXSourcesBuildPhase;
			buildActionMask = 2147483647;
			files = (
				C190048C2722C4C5005D0A15 /* ViewController.swift in Sources */,
				C129DF202723938F00F0FEFB /* UIColor-Extension.swift in Sources */,
				C19004882722C4C5005D0A15 /* AppDelegate.swift in Sources */,
				C190048A2722C4C5005D0A15 /* SceneDelegate.swift in Sources */,
				C129DF1E272391EE00F0FEFB /* UIView-Extension.swift in Sources */,
				C19004A12722C521005D0A15 /* MoveView.swift in Sources */,
			);
			runOnlyForDeploymentPostprocessing = 0;
		};
/* End PBXSourcesBuildPhase section */

/* Begin PBXVariantGroup section */
		C190048D2722C4C5005D0A15 /* Main.storyboard */ = {
			isa = PBXVariantGroup;
			children = (
				C190048E2722C4C5005D0A15 /* Base */,
			);
			name = Main.storyboard;
			sourceTree = "<group>";
		};
		C19004922722C4C9005D0A15 /* LaunchScreen.storyboard */ = {
			isa = PBXVariantGroup;
			children = (
				C19004932722C4C9005D0A15 /* Base */,
			);
			name = LaunchScreen.storyboard;
			sourceTree = "<group>";
		};
/* End PBXVariantGroup section */

/* Begin XCBuildConfiguration section */
		C19004962722C4C9005D0A15 /* Debug */ = {
			isa = XCBuildConfiguration;
			buildSettings = {
				ALWAYS_SEARCH_USER_PATHS = NO;
				CLANG_ANALYZER_NONNULL = YES;
				CLANG_ANALYZER_NUMBER_OBJECT_CONVERSION = YES_AGGRESSIVE;
				CLANG_CXX_LANGUAGE_STANDARD = "gnu++17";
				CLANG_CXX_LIBRARY = "libc++";
				CLANG_ENABLE_MODULES = YES;
				CLANG_ENABLE_OBJC_ARC = YES;
				CLANG_ENABLE_OBJC_WEAK = YES;
				CLANG_WARN_BLOCK_CAPTURE_AUTORELEASING = YES;
				CLANG_WARN_BOOL_CONVERSION = YES;
				CLANG_WARN_COMMA = YES;
				CLANG_WARN_CONSTANT_CONVERSION = YES;
				CLANG_WARN_DEPRECATED_OBJC_IMPLEMENTATIONS = YES;
				CLANG_WARN_DIRECT_OBJC_ISA_USAGE = YES_ERROR;
				CLANG_WARN_DOCUMENTATION_COMMENTS = YES;
				CLANG_WARN_EMPTY_BODY = YES;
				CLANG_WARN_ENUM_CONVERSION = YES;
				CLANG_WARN_INFINITE_RECURSION = YES;
				CLANG_WARN_INT_CONVERSION = YES;
				CLANG_WARN_NON_LITERAL_NULL_CONVERSION = YES;
				CLANG_WARN_OBJC_IMPLICIT_RETAIN_SELF = YES;
				CLANG_WARN_OBJC_LITERAL_CONVERSION = YES;
				CLANG_WARN_OBJC_ROOT_CLASS = YES_ERROR;
				CLANG_WARN_QUOTED_INCLUDE_IN_FRAMEWORK_HEADER = YES;
				CLANG_WARN_RANGE_LOOP_ANALYSIS = YES;
				CLANG_WARN_STRICT_PROTOTYPES = YES;
				CLANG_WARN_SUSPICIOUS_MOVE = YES;
				CLANG_WARN_UNGUARDED_AVAILABILITY = YES_AGGRESSIVE;
				CLANG_WARN_UNREACHABLE_CODE = YES;
				CLANG_WARN__DUPLICATE_METHOD_MATCH = YES;
				COPY_PHASE_STRIP = NO;
				DEBUG_INFORMATION_FORMAT = dwarf;
				ENABLE_STRICT_OBJC_MSGSEND = YES;
				ENABLE_TESTABILITY = YES;
				GCC_C_LANGUAGE_STANDARD = gnu11;
				GCC_DYNAMIC_NO_PIC = NO;
				GCC_NO_COMMON_BLOCKS = YES;
				GCC_OPTIMIZATION_LEVEL = 0;
				GCC_PREPROCESSOR_DEFINITIONS = (
					"DEBUG=1",
					"$(inherited)",
				);
				GCC_WARN_64_TO_32_BIT_CONVERSION = YES;
				GCC_WARN_ABOUT_RETURN_TYPE = YES_ERROR;
				GCC_WARN_UNDECLARED_SELECTOR = YES;
				GCC_WARN_UNINITIALIZED_AUTOS = YES_AGGRESSIVE;
				GCC_WARN_UNUSED_FUNCTION = YES;
				GCC_WARN_UNUSED_VARIABLE = YES;
				IPHONEOS_DEPLOYMENT_TARGET = 15.0;
				MTL_ENABLE_DEBUG_INFO = INCLUDE_SOURCE;
				MTL_FAST_MATH = YES;
				ONLY_ACTIVE_ARCH = YES;
				SDKROOT = iphoneos;
				SWIFT_ACTIVE_COMPILATION_CONDITIONS = DEBUG;
				SWIFT_OPTIMIZATION_LEVEL = "-Onone";
			};
			name = Debug;
		};
		C19004972722C4C9005D0A15 /* Release */ = {
			isa = XCBuildConfiguration;
			buildSettings = {
				ALWAYS_SEARCH_USER_PATHS = NO;
				CLANG_ANALYZER_NONNULL = YES;
				CLANG_ANALYZER_NUMBER_OBJECT_CONVERSION = YES_AGGRESSIVE;
				CLANG_CXX_LANGUAGE_STANDARD = "gnu++17";
				CLANG_CXX_LIBRARY = "libc++";
				CLANG_ENABLE_MODULES = YES;
				CLANG_ENABLE_OBJC_ARC = YES;
				CLANG_ENABLE_OBJC_WEAK = YES;
				CLANG_WARN_BLOCK_CAPTURE_AUTORELEASING = YES;
				CLANG_WARN_BOOL_CONVERSION = YES;
				CLANG_WARN_COMMA = YES;
				CLANG_WARN_CONSTANT_CONVERSION = YES;
				CLANG_WARN_DEPRECATED_OBJC_IMPLEMENTATIONS = YES;
				CLANG_WARN_DIRECT_OBJC_ISA_USAGE = YES_ERROR;
				CLANG_WARN_DOCUMENTATION_COMMENTS = YES;
				CLANG_WARN_EMPTY_BODY = YES;
				CLANG_WARN_ENUM_CONVERSION = YES;
				CLANG_WARN_INFINITE_RECURSION = YES;
				CLANG_WARN_INT_CONVERSION = YES;
				CLANG_WARN_NON_LITERAL_NULL_CONVERSION = YES;
				CLANG_WARN_OBJC_IMPLICIT_RETAIN_SELF = YES;
				CLANG_WARN_OBJC_LITERAL_CONVERSION = YES;
				CLANG_WARN_OBJC_ROOT_CLASS = YES_ERROR;
				CLANG_WARN_QUOTED_INCLUDE_IN_FRAMEWORK_HEADER = YES;
				CLANG_WARN_RANGE_LOOP_ANALYSIS = YES;
				CLANG_WARN_STRICT_PROTOTYPES = YES;
				CLANG_WARN_SUSPICIOUS_MOVE = YES;
				CLANG_WARN_UNGUARDED_AVAILABILITY = YES_AGGRESSIVE;
				CLANG_WARN_UNREACHABLE_CODE = YES;
				CLANG_WARN__DUPLICATE_METHOD_MATCH = YES;
				COPY_PHASE_STRIP = NO;
				DEBUG_INFORMATION_FORMAT = "dwarf-with-dsym";
				ENABLE_NS_ASSERTIONS = NO;
				ENABLE_STRICT_OBJC_MSGSEND = YES;
				GCC_C_LANGUAGE_STANDARD = gnu11;
				GCC_NO_COMMON_BLOCKS = YES;
				GCC_WARN_64_TO_32_BIT_CONVERSION = YES;
				GCC_WARN_ABOUT_RETURN_TYPE = YES_ERROR;
				GCC_WARN_UNDECLARED_SELECTOR = YES;
				GCC_WARN_UNINITIALIZED_AUTOS = YES_AGGRESSIVE;
				GCC_WARN_UNUSED_FUNCTION = YES;
				GCC_WARN_UNUSED_VARIABLE = YES;
				IPHONEOS_DEPLOYMENT_TARGET = 15.0;
				MTL_ENABLE_DEBUG_INFO = NO;
				MTL_FAST_MATH = YES;
				SDKROOT = iphoneos;
				SWIFT_COMPILATION_MODE = wholemodule;
				SWIFT_OPTIMIZATION_LEVEL = "-O";
				VALIDATE_PRODUCT = YES;
			};
			name = Release;
		};
		C19004992722C4C9005D0A15 /* Debug */ = {
			isa = XCBuildConfiguration;
			buildSettings = {
				ASSETCATALOG_COMPILER_APPICON_NAME = AppIcon;
				ASSETCATALOG_COMPILER_GLOBAL_ACCENT_COLOR_NAME = AccentColor;
				CODE_SIGN_STYLE = Automatic;
				CURRENT_PROJECT_VERSION = 1;
				DEVELOPMENT_TEAM = R43R4Y2L5Q;
				GENERATE_INFOPLIST_FILE = YES;
				INFOPLIST_FILE = TinderLikeApp3/Info.plist;
				INFOPLIST_KEY_UIApplicationSupportsIndirectInputEvents = YES;
				INFOPLIST_KEY_UILaunchStoryboardName = LaunchScreen;
				INFOPLIST_KEY_UIMainStoryboardFile = Main;
				INFOPLIST_KEY_UISupportedInterfaceOrientations_iPad = "UIInterfaceOrientationPortrait UIInterfaceOrientationPortraitUpsideDown UIInterfaceOrientationLandscapeLeft UIInterfaceOrientationLandscapeRight";
				INFOPLIST_KEY_UISupportedInterfaceOrientations_iPhone = "UIInterfaceOrientationPortrait UIInterfaceOrientationLandscapeLeft UIInterfaceOrientationLandscapeRight";
				LD_RUNPATH_SEARCH_PATHS = (
					"$(inherited)",
					"@executable_path/Frameworks",
				);
				MARKETING_VERSION = 1.0;
				PRODUCT_BUNDLE_IDENTIFIER = com.hideya.TinderLikeApp3;
				PRODUCT_NAME = "$(TARGET_NAME)";
				SWIFT_EMIT_LOC_STRINGS = YES;
				SWIFT_VERSION = 5.0;
				TARGETED_DEVICE_FAMILY = "1,2";
			};
			name = Debug;
		};
		C190049A2722C4C9005D0A15 /* Release */ = {
			isa = XCBuildConfiguration;
			buildSettings = {
				ASSETCATALOG_COMPILER_APPICON_NAME = AppIcon;
				ASSETCATALOG_COMPILER_GLOBAL_ACCENT_COLOR_NAME = AccentColor;
				CODE_SIGN_STYLE = Automatic;
				CURRENT_PROJECT_VERSION = 1;
				DEVELOPMENT_TEAM = R43R4Y2L5Q;
				GENERATE_INFOPLIST_FILE = YES;
				INFOPLIST_FILE = TinderLikeApp3/Info.plist;
				INFOPLIST_KEY_UIApplicationSupportsIndirectInputEvents = YES;
				INFOPLIST_KEY_UILaunchStoryboardName = LaunchScreen;
				INFOPLIST_KEY_UIMainStoryboardFile = Main;
				INFOPLIST_KEY_UISupportedInterfaceOrientations_iPad = "UIInterfaceOrientationPortrait UIInterfaceOrientationPortraitUpsideDown UIInterfaceOrientationLandscapeLeft UIInterfaceOrientationLandscapeRight";
				INFOPLIST_KEY_UISupportedInterfaceOrientations_iPhone = "UIInterfaceOrientationPortrait UIInterfaceOrientationLandscapeLeft UIInterfaceOrientationLandscapeRight";
				LD_RUNPATH_SEARCH_PATHS = (
					"$(inherited)",
					"@executable_path/Frameworks",
				);
				MARKETING_VERSION = 1.0;
				PRODUCT_BUNDLE_IDENTIFIER = com.hideya.TinderLikeApp3;
				PRODUCT_NAME = "$(TARGET_NAME)";
				SWIFT_EMIT_LOC_STRINGS = YES;
				SWIFT_VERSION = 5.0;
				TARGETED_DEVICE_FAMILY = "1,2";
			};
			name = Release;
		};
/* End XCBuildConfiguration section */

/* Begin XCConfigurationList section */
		C190047F2722C4C5005D0A15 /* Build configuration list for PBXProject "TinderLikeApp3" */ = {
			isa = XCConfigurationList;
			buildConfigurations = (
				C19004962722C4C9005D0A15 /* Debug */,
				C19004972722C4C9005D0A15 /* Release */,
			);
			defaultConfigurationIsVisible = 0;
			defaultConfigurationName = Release;
		};
		C19004982722C4C9005D0A15 /* Build configuration list for PBXNativeTarget "TinderLikeApp3" */ = {
			isa = XCConfigurationList;
			buildConfigurations = (
				C19004992722C4C9005D0A15 /* Debug */,
				C190049A2722C4C9005D0A15 /* Release */,
			);
			defaultConfigurationIsVisible = 0;
			defaultConfigurationName = Release;
		};
/* End XCConfigurationList section */
	};
	rootObject = C190047C2722C4C5005D0A15 /* Project object */;
}
